
Microsoft Visual Studio Solution File, Format Version 12.00
# Visual Studio Version 16
VisualStudioVersion = 16.0.28803.156
MinimumVisualStudioVersion = 10.0.40219.1
Project("{FAE04EC0-301F-11D3-BF4B-00C04F79EFBC}") = "Graph", "Graph\Graph.csproj", "{DDE4ECC4-20F0-4C34-AE4C-87E8273F5C9D}"
EndProject
Global
	GlobalSection(SolutionConfigurationPlatforms) = preSolution
		Debug|Any CPU = Debug|Any CPU
		Release|Any CPU = Release|Any CPU
	EndGlobalSection
	GlobalSection(ProjectConfigurationPlatforms) = postSolution
		{DDE4ECC4-20F0-4C34-AE4C-87E8273F5C9D}.Debug|Any CPU.ActiveCfg = Debug|Any CPU
		{DDE4ECC4-20F0-4C34-AE4C-87E8273F5C9D}.Debug|Any CPU.Build.0 = Debug|Any CPU
		{DDE4ECC4-20F0-4C34-AE4C-87E8273F5C9D}.Release|Any CPU.ActiveCfg = Release|Any CPU
		{DDE4ECC4-20F0-4C34-AE4C-87E8273F5C9D}.Release|Any CPU.Build.0 = Release|Any CPU
	EndGlobalSection
	GlobalSection(SolutionProperties) = preSolution
		HideSolutionNode = FALSE
	EndGlobalSection
	GlobalSection(ExtensibilityGlobals) = postSolution
		SolutionGuid = {A7470D56-61E2-4B53-A2B6-6259198E4DE9}
	EndGlobalSection
EndGlobal
